github.com/BurntSushi/toml v0.3.1 h1:WXkYYl6Yr3qBf1K79EBnL4mak0OimBfB0XUf9Vl28OQ=
github.com/BurntSushi/toml v0.3.1/go.mod h1:xHWCNGjB5oqiDr8zfno3MHue2Ht5sIBksp03qcyfWMU=
github.com/caarlos0/env/v6 v6.6.2 h1:BypLXDWQTA32rS4UM7pBz+/0BOuvs6C7LSeQAxMwyvI=
github.com/caarlos0/env/v6 v6.6.2/go.mod h1:P0BVSgU9zfkxfSpFUs6KsO3uWR4k3Ac0P66ibAGTybM=
github.com/hermeznetwork/go-hermez-config v0.0.0-20210728103438-2cee81992511 h1:B3FCKyvrMMekCwlnKgeg1/G+NbFuIXt1l3W37wyNpvU=
github.com/hermeznetwork/go-hermez-config v0.0.0-20210728103438-2cee81992511/go.mod h1:oP5l93YlYArOFlp9t65C8+zDijAyDAurMY4gkkjFkwY=
github.com/matryer/is v1.4.0 h1:sosSmIWwkYITGrxZ25ULNDeKiMNzFSr4V/eqBQP0PeE=
github.com/matryer/is v1.4.0/go.mod h1:8I/i5uYgLzgsgEloJE1U6xx5HkBQpAZvepWuujKwMRU=
